
Microsoft Visual Studio Solution File, Format Version 12.00
# Visual Studio Version 17
VisualStudioVersion = 17.5.33627.172
MinimumVisualStudioVersion = 10.0.40219.1
Project("{FAE04EC0-301F-11D3-BF4B-00C04F79EFBC}") = "Pharmacy-Management-System", "Pharmacy-Management-System.csproj", "{99F7ECEB-42EA-45A4-B11F-2FA54C98B665}"
EndProject
Global
	GlobalSection(SolutionConfigurationPlatforms) = preSolution
		Debug|Any CPU = Debug|Any CPU
		Release|Any CPU = Release|Any CPU
	EndGlobalSection
	GlobalSection(ProjectConfigurationPlatforms) = postSolution
		{99F7ECEB-42EA-45A4-B11F-2FA54C98B665}.Debug|Any CPU.ActiveCfg = Debug|Any CPU
		{99F7ECEB-42EA-45A4-B11F-2FA54C98B665}.Debug|Any CPU.Build.0 = Debug|Any CPU
		{99F7ECEB-42EA-45A4-B11F-2FA54C98B665}.Release|Any CPU.ActiveCfg = Release|Any CPU
		{99F7ECEB-42EA-45A4-B11F-2FA54C98B665}.Release|Any CPU.Build.0 = Release|Any CPU
	EndGlobalSection
	GlobalSection(SolutionProperties) = preSolution
		HideSolutionNode = FALSE
	EndGlobalSection
	GlobalSection(ExtensibilityGlobals) = postSolution
		SolutionGuid = {1E542D1C-0F2C-4ABE-8940-E92D3B32CD56}
	EndGlobalSection
EndGlobal
